
Microsoft Visual Studio Solution File, Format Version 12.00
# Visual Studio Version 17
VisualStudioVersion = 17.4.33103.184
MinimumVisualStudioVersion = 10.0.40219.1
Project("{FAE04EC0-301F-11D3-BF4B-00C04F79EFBC}") = "CompiledQueryTest", "CompiledQueryTest\CompiledQueryTest.csproj", "{B165B09C-28F1-4B32-ABEC-A2284C8BA126}"
EndProject
Global
	GlobalSection(SolutionConfigurationPlatforms) = preSolution
		Debug|Any CPU = Debug|Any CPU
		Release|Any CPU = Release|Any CPU
	EndGlobalSection
	GlobalSection(ProjectConfigurationPlatforms) = postSolution
		{B165B09C-28F1-4B32-ABEC-A2284C8BA126}.Debug|Any CPU.ActiveCfg = Debug|Any CPU
		{B165B09C-28F1-4B32-ABEC-A2284C8BA126}.Debug|Any CPU.Build.0 = Debug|Any CPU
		{B165B09C-28F1-4B32-ABEC-A2284C8BA126}.Release|Any CPU.ActiveCfg = Release|Any CPU
		{B165B09C-28F1-4B32-ABEC-A2284C8BA126}.Release|Any CPU.Build.0 = Release|Any CPU
	EndGlobalSection
	GlobalSection(SolutionProperties) = preSolution
		HideSolutionNode = FALSE
	EndGlobalSection
	GlobalSection(ExtensibilityGlobals) = postSolution
		SolutionGuid = {5BA78214-5395-4F3F-BB20-4E8C09834E15}
	EndGlobalSection
EndGlobal
